
Microsoft Visual Studio Solution File, Format Version 12.00
# Visual Studio Version 17
VisualStudioVersion = 17.0.32014.148
MinimumVisualStudioVersion = 10.0.40219.1
Project("{9A19103F-16F7-4668-BE54-9A1E7A4F7556}") = "Day1CalorieCounting", "Day1CalorieCounting\Day1CalorieCounting.csproj", "{BEFEC759-F8F5-4BBC-8049-B6DF5AC0858F}"
EndProject
Project("{FAE04EC0-301F-11D3-BF4B-00C04F79EFBC}") = "Day2RockPaperScissors", "Day2RockPaperScissors\Day2RockPaperScissors.csproj", "{2909DCCA-2C1B-4246-8E34-8712B424AF51}"
EndProject
Project("{FAE04EC0-301F-11D3-BF4B-00C04F79EFBC}") = "Day3RucksackReorganization", "Day3RucksackReorganization\Day3RucksackReorganization.csproj", "{096A3C68-E687-4C52-9DA5-278FC071C6A0}"
EndProject
Global
	GlobalSection(SolutionConfigurationPlatforms) = preSolution
		Debug|Any CPU = Debug|Any CPU
		Release|Any CPU = Release|Any CPU
	EndGlobalSection
	GlobalSection(ProjectConfigurationPlatforms) = postSolution
		{BEFEC759-F8F5-4BBC-8049-B6DF5AC0858F}.Debug|Any CPU.ActiveCfg = Debug|Any CPU
		{BEFEC759-F8F5-4BBC-8049-B6DF5AC0858F}.Debug|Any CPU.Build.0 = Debug|Any CPU
		{BEFEC759-F8F5-4BBC-8049-B6DF5AC0858F}.Release|Any CPU.ActiveCfg = Release|Any CPU
		{BEFEC759-F8F5-4BBC-8049-B6DF5AC0858F}.Release|Any CPU.Build.0 = Release|Any CPU
		{2909DCCA-2C1B-4246-8E34-8712B424AF51}.Debug|Any CPU.ActiveCfg = Debug|Any CPU
		{2909DCCA-2C1B-4246-8E34-8712B424AF51}.Debug|Any CPU.Build.0 = Debug|Any CPU
		{2909DCCA-2C1B-4246-8E34-8712B424AF51}.Release|Any CPU.ActiveCfg = Release|Any CPU
		{2909DCCA-2C1B-4246-8E34-8712B424AF51}.Release|Any CPU.Build.0 = Release|Any CPU
		{096A3C68-E687-4C52-9DA5-278FC071C6A0}.Debug|Any CPU.ActiveCfg = Debug|Any CPU
		{096A3C68-E687-4C52-9DA5-278FC071C6A0}.Debug|Any CPU.Build.0 = Debug|Any CPU
		{096A3C68-E687-4C52-9DA5-278FC071C6A0}.Release|Any CPU.ActiveCfg = Release|Any CPU
		{096A3C68-E687-4C52-9DA5-278FC071C6A0}.Release|Any CPU.Build.0 = Release|Any CPU
	EndGlobalSection
	GlobalSection(SolutionProperties) = preSolution
		HideSolutionNode = FALSE
	EndGlobalSection
	GlobalSection(ExtensibilityGlobals) = postSolution
		SolutionGuid = {66EB5E24-5AE9-4CC0-B271-CA93376E83AA}
	EndGlobalSection
EndGlobal
